// !$*UTF8*$!
{
	archiveVersion = 1;
	classes = {
	};
	objectVersion = 56;
	objects = {

/* Begin PBXBuildFile section */
		1B221DFD29C4F2E100DBAA07 /* CommonAssets in Frameworks */ = {isa = PBXBuildFile; productRef = 1B221DFC29C4F2E100DBAA07 /* CommonAssets */; };
		1B82BA4829C4C15100116992 /* Kingfisher in Frameworks */ = {isa = PBXBuildFile; productRef = 1B82BA4729C4C15100116992 /* Kingfisher */; };
		1B82BA4B29C4C32300116992 /* KingfisherImageFetcher.swift in Sources */ = {isa = PBXBuildFile; fileRef = 1B82BA4A29C4C32300116992 /* KingfisherImageFetcher.swift */; };
		1B82BA4D29C4C72C00116992 /* ImageFetcherInterface in Frameworks */ = {isa = PBXBuildFile; productRef = 1B82BA4C29C4C72C00116992 /* ImageFetcherInterface */; };
		1B94E07229C09B1E00A03FF4 /* AppDelegate.swift in Sources */ = {isa = PBXBuildFile; fileRef = 1B94E07129C09B1E00A03FF4 /* AppDelegate.swift */; };
		1B94E07429C09B1E00A03FF4 /* SceneDelegate.swift in Sources */ = {isa = PBXBuildFile; fileRef = 1B94E07329C09B1E00A03FF4 /* SceneDelegate.swift */; };
		1B94E07B29C09B1F00A03FF4 /* Assets.xcassets in Resources */ = {isa = PBXBuildFile; fileRef = 1B94E07A29C09B1F00A03FF4 /* Assets.xcassets */; };
		1B94E07E29C09B1F00A03FF4 /* LaunchScreen.storyboard in Resources */ = {isa = PBXBuildFile; fileRef = 1B94E07C29C09B1F00A03FF4 /* LaunchScreen.storyboard */; };
		1BD8682329C23E240041800B /* RouteHandlerFactory.swift in Sources */ = {isa = PBXBuildFile; fileRef = 1BD8682229C23E240041800B /* RouteHandlerFactory.swift */; };
		1BD8682529C23E440041800B /* MealVoucherDetailInterface in Frameworks */ = {isa = PBXBuildFile; productRef = 1BD8682429C23E440041800B /* MealVoucherDetailInterface */; };
		1BD8682729C23E440041800B /* MealVoucherListInterface in Frameworks */ = {isa = PBXBuildFile; productRef = 1BD8682629C23E440041800B /* MealVoucherListInterface */; };
		1BD8682929C23E440041800B /* NetworkInterface in Frameworks */ = {isa = PBXBuildFile; productRef = 1BD8682829C23E440041800B /* NetworkInterface */; };
		1BD8682B29C23E440041800B /* RouterService in Frameworks */ = {isa = PBXBuildFile; productRef = 1BD8682A29C23E440041800B /* RouterService */; };
		1BD8682D29C23E440041800B /* RouterServiceInterface in Frameworks */ = {isa = PBXBuildFile; productRef = 1BD8682C29C23E440041800B /* RouterServiceInterface */; };
		1BD8682F29C23FB20041800B /* DependencyFactory.swift in Sources */ = {isa = PBXBuildFile; fileRef = 1BD8682E29C23FB20041800B /* DependencyFactory.swift */; };
		1BDBDA8C29C0B3C300D10166 /* Components in Frameworks */ = {isa = PBXBuildFile; productRef = 1BDBDA8B29C0B3C300D10166 /* Components */; };
		1BDBDA8E29C0B3C300D10166 /* MealVoucherList in Frameworks */ = {isa = PBXBuildFile; productRef = 1BDBDA8D29C0B3C300D10166 /* MealVoucherList */; };
		1BDBDA9229C0B5E100D10166 /* MealVoucherDetail in Frameworks */ = {isa = PBXBuildFile; productRef = 1BDBDA9129C0B5E100D10166 /* MealVoucherDetail */; };
		1BDBDA9429C0B5E500D10166 /* Network in Frameworks */ = {isa = PBXBuildFile; productRef = 1BDBDA9329C0B5E500D10166 /* Network */; };
/* End PBXBuildFile section */

/* Begin PBXFileReference section */
		1B221DFB29C4E23E00DBAA07 /* CommonAssets */ = {isa = PBXFileReference; lastKnownFileType = wrapper; path = CommonAssets; sourceTree = "<group>"; };
		1B221DFE29C506E800DBAA07 /* Media.xcassets */ = {isa = PBXFileReference; lastKnownFileType = folder.assetcatalog; path = Media.xcassets; sourceTree = "<group>"; };
		1B82BA4529C4C0CC00116992 /* ImageFetcher */ = {isa = PBXFileReference; lastKnownFileType = wrapper; path = ImageFetcher; sourceTree = "<group>"; };
		1B82BA4A29C4C32300116992 /* KingfisherImageFetcher.swift */ = {isa = PBXFileReference; lastKnownFileType = sourcecode.swift; path = KingfisherImageFetcher.swift; sourceTree = "<group>"; };
		1B94E06E29C09B1E00A03FF4 /* meal-voucher-app.app */ = {isa = PBXFileReference; explicitFileType = wrapper.application; includeInIndex = 0; path = "meal-voucher-app.app"; sourceTree = BUILT_PRODUCTS_DIR; };
		1B94E07129C09B1E00A03FF4 /* AppDelegate.swift */ = {isa = PBXFileReference; lastKnownFileType = sourcecode.swift; path = AppDelegate.swift; sourceTree = "<group>"; };
		1B94E07329C09B1E00A03FF4 /* SceneDelegate.swift */ = {isa = PBXFileReference; lastKnownFileType = sourcecode.swift; path = SceneDelegate.swift; sourceTree = "<group>"; };
		1B94E07A29C09B1F00A03FF4 /* Assets.xcassets */ = {isa = PBXFileReference; lastKnownFileType = folder.assetcatalog; path = Assets.xcassets; sourceTree = "<group>"; };
		1B94E07D29C09B1F00A03FF4 /* Base */ = {isa = PBXFileReference; lastKnownFileType = file.storyboard; name = Base; path = Base.lproj/LaunchScreen.storyboard; sourceTree = "<group>"; };
		1B94E07F29C09B1F00A03FF4 /* Info.plist */ = {isa = PBXFileReference; lastKnownFileType = text.plist.xml; path = Info.plist; sourceTree = "<group>"; };
		1B94E09229C0ACDB00A03FF4 /* MealVoucherList */ = {isa = PBXFileReference; lastKnownFileType = wrapper; path = MealVoucherList; sourceTree = "<group>"; };
		1B94E09329C0AE5500A03FF4 /* Components */ = {isa = PBXFileReference; lastKnownFileType = wrapper; path = Components; sourceTree = "<group>"; };
		1BD8682029C235B20041800B /* RouterService */ = {isa = PBXFileReference; lastKnownFileType = wrapper; path = RouterService; sourceTree = "<group>"; };
		1BD8682229C23E240041800B /* RouteHandlerFactory.swift */ = {isa = PBXFileReference; lastKnownFileType = sourcecode.swift; path = RouteHandlerFactory.swift; sourceTree = "<group>"; };
		1BD8682E29C23FB20041800B /* DependencyFactory.swift */ = {isa = PBXFileReference; lastKnownFileType = sourcecode.swift; path = DependencyFactory.swift; sourceTree = "<group>"; };
		1BDBDA8F29C0B5C500D10166 /* MealVoucherDetail */ = {isa = PBXFileReference; lastKnownFileType = wrapper; path = MealVoucherDetail; sourceTree = "<group>"; };
		1BDBDA9529C0B62100D10166 /* Network */ = {isa = PBXFileReference; lastKnownFileType = wrapper; path = Network; sourceTree = "<group>"; };
/* End PBXFileReference section */

/* Begin PBXFrameworksBuildPhase section */
		1B94E06B29C09B1E00A03FF4 /* Frameworks */ = {
			isa = PBXFrameworksBuildPhase;
			buildActionMask = 2147483647;
			files = (
				1BD8682729C23E440041800B /* MealVoucherListInterface in Frameworks */,
				1BDBDA8E29C0B3C300D10166 /* MealVoucherList in Frameworks */,
				1BD8682929C23E440041800B /* NetworkInterface in Frameworks */,
				1B82BA4D29C4C72C00116992 /* ImageFetcherInterface in Frameworks */,
				1B221DFD29C4F2E100DBAA07 /* CommonAssets in Frameworks */,
				1BDBDA9429C0B5E500D10166 /* Network in Frameworks */,
				1B82BA4829C4C15100116992 /* Kingfisher in Frameworks */,
				1BDBDA8C29C0B3C300D10166 /* Components in Frameworks */,
				1BD8682D29C23E440041800B /* RouterServiceInterface in Frameworks */,
				1BD8682529C23E440041800B /* MealVoucherDetailInterface in Frameworks */,
				1BDBDA9229C0B5E100D10166 /* MealVoucherDetail in Frameworks */,
				1BD8682B29C23E440041800B /* RouterService in Frameworks */,
			);
			runOnlyForDeploymentPostprocessing = 0;
		};
/* End PBXFrameworksBuildPhase section */

/* Begin PBXGroup section */
		1B82BA4929C4C2F800116992 /* ImageFetcher */ = {
			isa = PBXGroup;
			children = (
				1B82BA4A29C4C32300116992 /* KingfisherImageFetcher.swift */,
			);
			path = ImageFetcher;
			sourceTree = "<group>";
		};
		1B94E06529C09B1E00A03FF4 = {
			isa = PBXGroup;
			children = (
				1B94E07029C09B1E00A03FF4 /* meal-voucher-app */,
				1B94E06F29C09B1E00A03FF4 /* Products */,
				1BDBDA8A29C0B3C300D10166 /* Frameworks */,
			);
			sourceTree = "<group>";
		};
		1B94E06F29C09B1E00A03FF4 /* Products */ = {
			isa = PBXGroup;
			children = (
				1B94E06E29C09B1E00A03FF4 /* meal-voucher-app.app */,
			);
			name = Products;
			sourceTree = "<group>";
		};
		1B94E07029C09B1E00A03FF4 /* meal-voucher-app */ = {
			isa = PBXGroup;
			children = (
				1B94E09129C0ACB700A03FF4 /* Libraries */,
				1B94E08629C09B2B00A03FF4 /* Resources */,
				1B94E08529C09B2700A03FF4 /* Sources */,
			);
			path = "meal-voucher-app";
			sourceTree = "<group>";
		};
		1B94E08529C09B2700A03FF4 /* Sources */ = {
			isa = PBXGroup;
			children = (
				1B82BA4929C4C2F800116992 /* ImageFetcher */,
				1BD8682129C23E0D0041800B /* DependencyInjection */,
				1B94E08729C09C4100A03FF4 /* Application */,
			);
			path = Sources;
			sourceTree = "<group>";
		};
		1B94E08629C09B2B00A03FF4 /* Resources */ = {
			isa = PBXGroup;
			children = (
				1B221DFE29C506E800DBAA07 /* Media.xcassets */,
				1B94E07A29C09B1F00A03FF4 /* Assets.xcassets */,
				1B94E07C29C09B1F00A03FF4 /* LaunchScreen.storyboard */,
				1B94E07F29C09B1F00A03FF4 /* Info.plist */,
			);
			path = Resources;
			sourceTree = "<group>";
		};
		1B94E08729C09C4100A03FF4 /* Application */ = {
			isa = PBXGroup;
			children = (
				1B94E07129C09B1E00A03FF4 /* AppDelegate.swift */,
				1B94E07329C09B1E00A03FF4 /* SceneDelegate.swift */,
			);
			path = Application;
			sourceTree = "<group>";
		};
		1B94E09129C0ACB700A03FF4 /* Libraries */ = {
			isa = PBXGroup;
			children = (
				1B221DFB29C4E23E00DBAA07 /* CommonAssets */,
				1B82BA4529C4C0CC00116992 /* ImageFetcher */,
				1BD8682029C235B20041800B /* RouterService */,
				1B94E09329C0AE5500A03FF4 /* Components */,
				1BDBDA8F29C0B5C500D10166 /* MealVoucherDetail */,
				1B94E09229C0ACDB00A03FF4 /* MealVoucherList */,
				1BDBDA9529C0B62100D10166 /* Network */,
			);
			path = Libraries;
			sourceTree = "<group>";
		};
		1BD8682129C23E0D0041800B /* DependencyInjection */ = {
			isa = PBXGroup;
			children = (
				1BD8682229C23E240041800B /* RouteHandlerFactory.swift */,
				1BD8682E29C23FB20041800B /* DependencyFactory.swift */,
			);
			path = DependencyInjection;
			sourceTree = "<group>";
		};
		1BDBDA8A29C0B3C300D10166 /* Frameworks */ = {
			isa = PBXGroup;
			children = (
			);
			name = Frameworks;
			sourceTree = "<group>";
		};
/* End PBXGroup section */

/* Begin PBXNativeTarget section */
		1B94E06D29C09B1E00A03FF4 /* meal-voucher-app */ = {
			isa = PBXNativeTarget;
			buildConfigurationList = 1B94E08229C09B1F00A03FF4 /* Build configuration list for PBXNativeTarget "meal-voucher-app" */;
			buildPhases = (
				1B94E06A29C09B1E00A03FF4 /* Sources */,
				1B94E06B29C09B1E00A03FF4 /* Frameworks */,
				1B94E06C29C09B1E00A03FF4 /* Resources */,
			);
			buildRules = (
			);
			dependencies = (
			);
			name = "meal-voucher-app";
			packageProductDependencies = (
				1BDBDA8B29C0B3C300D10166 /* Components */,
				1BDBDA8D29C0B3C300D10166 /* MealVoucherList */,
				1BDBDA9129C0B5E100D10166 /* MealVoucherDetail */,
				1BDBDA9329C0B5E500D10166 /* Network */,
				1BD8682429C23E440041800B /* MealVoucherDetailInterface */,
				1BD8682629C23E440041800B /* MealVoucherListInterface */,
				1BD8682829C23E440041800B /* NetworkInterface */,
				1BD8682A29C23E440041800B /* RouterService */,
				1BD8682C29C23E440041800B /* RouterServiceInterface */,
				1B82BA4729C4C15100116992 /* Kingfisher */,
				1B82BA4C29C4C72C00116992 /* ImageFetcherInterface */,
				1B221DFC29C4F2E100DBAA07 /* CommonAssets */,
			);
			productName = "meal-voucher-app";
			productReference = 1B94E06E29C09B1E00A03FF4 /* meal-voucher-app.app */;
			productType = "com.apple.product-type.application";
		};
/* End PBXNativeTarget section */

/* Begin PBXProject section */
		1B94E06629C09B1E00A03FF4 /* Project object */ = {
			isa = PBXProject;
			attributes = {
				BuildIndependentTargetsInParallel = 1;
				LastSwiftUpdateCheck = 1420;
				LastUpgradeCheck = 1420;
				TargetAttributes = {
					1B94E06D29C09B1E00A03FF4 = {
						CreatedOnToolsVersion = 14.2;
					};
				};
			};
			buildConfigurationList = 1B94E06929C09B1E00A03FF4 /* Build configuration list for PBXProject "meal-voucher-app" */;
			compatibilityVersion = "Xcode 14.0";
			developmentRegion = en;
			hasScannedForEncodings = 0;
			knownRegions = (
				en,
				Base,
			);
			mainGroup = 1B94E06529C09B1E00A03FF4;
			packageReferences = (
				1B82BA4629C4C15100116992 /* XCRemoteSwiftPackageReference "Kingfisher" */,
			);
			productRefGroup = 1B94E06F29C09B1E00A03FF4 /* Products */;
			projectDirPath = "";
			projectRoot = "";
			targets = (
				1B94E06D29C09B1E00A03FF4 /* meal-voucher-app */,
			);
		};
/* End PBXProject section */

/* Begin PBXResourcesBuildPhase section */
		1B94E06C29C09B1E00A03FF4 /* Resources */ = {
			isa = PBXResourcesBuildPhase;
			buildActionMask = 2147483647;
			files = (
				1B94E07E29C09B1F00A03FF4 /* LaunchScreen.storyboard in Resources */,
				1B94E07B29C09B1F00A03FF4 /* Assets.xcassets in Resources */,
			);
			runOnlyForDeploymentPostprocessing = 0;
		};
/* End PBXResourcesBuildPhase section */

/* Begin PBXSourcesBuildPhase section */
		1B94E06A29C09B1E00A03FF4 /* Sources */ = {
			isa = PBXSourcesBuildPhase;
			buildActionMask = 2147483647;
			files = (
				1B94E07229C09B1E00A03FF4 /* AppDelegate.swift in Sources */,
				1BD8682F29C23FB20041800B /* DependencyFactory.swift in Sources */,
				1BD8682329C23E240041800B /* RouteHandlerFactory.swift in Sources */,
				1B82BA4B29C4C32300116992 /* KingfisherImageFetcher.swift in Sources */,
				1B94E07429C09B1E00A03FF4 /* SceneDelegate.swift in Sources */,
			);
			runOnlyForDeploymentPostprocessing = 0;
		};
/* End PBXSourcesBuildPhase section */

/* Begin PBXVariantGroup section */
		1B94E07C29C09B1F00A03FF4 /* LaunchScreen.storyboard */ = {
			isa = PBXVariantGroup;
			children = (
				1B94E07D29C09B1F00A03FF4 /* Base */,
			);
			name = LaunchScreen.storyboard;
			sourceTree = "<group>";
		};
/* End PBXVariantGroup section */

/* Begin XCBuildConfiguration section */
		1B94E08029C09B1F00A03FF4 /* Debug */ = {
			isa = XCBuildConfiguration;
			buildSettings = {
				ALWAYS_SEARCH_USER_PATHS = NO;
				CLANG_ANALYZER_NONNULL = YES;
				CLANG_ANALYZER_NUMBER_OBJECT_CONVERSION = YES_AGGRESSIVE;
				CLANG_CXX_LANGUAGE_STANDARD = "gnu++20";
				CLANG_ENABLE_MODULES = YES;
				CLANG_ENABLE_OBJC_ARC = YES;
				CLANG_ENABLE_OBJC_WEAK = YES;
				CLANG_WARN_BLOCK_CAPTURE_AUTORELEASING = YES;
				CLANG_WARN_BOOL_CONVERSION = YES;
				CLANG_WARN_COMMA = YES;
				CLANG_WARN_CONSTANT_CONVERSION = YES;
				CLANG_WARN_DEPRECATED_OBJC_IMPLEMENTATIONS = YES;
				CLANG_WARN_DIRECT_OBJC_ISA_USAGE = YES_ERROR;
				CLANG_WARN_DOCUMENTATION_COMMENTS = YES;
				CLANG_WARN_EMPTY_BODY = YES;
				CLANG_WARN_ENUM_CONVERSION = YES;
				CLANG_WARN_INFINITE_RECURSION = YES;
				CLANG_WARN_INT_CONVERSION = YES;
				CLANG_WARN_NON_LITERAL_NULL_CONVERSION = YES;
				CLANG_WARN_OBJC_IMPLICIT_RETAIN_SELF = YES;
				CLANG_WARN_OBJC_LITERAL_CONVERSION = YES;
				CLANG_WARN_OBJC_ROOT_CLASS = YES_ERROR;
				CLANG_WARN_QUOTED_INCLUDE_IN_FRAMEWORK_HEADER = YES;
				CLANG_WARN_RANGE_LOOP_ANALYSIS = YES;
				CLANG_WARN_STRICT_PROTOTYPES = YES;
				CLANG_WARN_SUSPICIOUS_MOVE = YES;
				CLANG_WARN_UNGUARDED_AVAILABILITY = YES_AGGRESSIVE;
				CLANG_WARN_UNREACHABLE_CODE = YES;
				CLANG_WARN__DUPLICATE_METHOD_MATCH = YES;
				COPY_PHASE_STRIP = NO;
				DEBUG_INFORMATION_FORMAT = dwarf;
				ENABLE_STRICT_OBJC_MSGSEND = YES;
				ENABLE_TESTABILITY = YES;
				GCC_C_LANGUAGE_STANDARD = gnu11;
				GCC_DYNAMIC_NO_PIC = NO;
				GCC_NO_COMMON_BLOCKS = YES;
				GCC_OPTIMIZATION_LEVEL = 0;
				GCC_PREPROCESSOR_DEFINITIONS = (
					"DEBUG=1",
					"$(inherited)",
				);
				GCC_WARN_64_TO_32_BIT_CONVERSION = YES;
				GCC_WARN_ABOUT_RETURN_TYPE = YES_ERROR;
				GCC_WARN_UNDECLARED_SELECTOR = YES;
				GCC_WARN_UNINITIALIZED_AUTOS = YES_AGGRESSIVE;
				GCC_WARN_UNUSED_FUNCTION = YES;
				GCC_WARN_UNUSED_VARIABLE = YES;
				IPHONEOS_DEPLOYMENT_TARGET = 16.2;
				MTL_ENABLE_DEBUG_INFO = INCLUDE_SOURCE;
				MTL_FAST_MATH = YES;
				ONLY_ACTIVE_ARCH = YES;
				SDKROOT = iphoneos;
				SWIFT_ACTIVE_COMPILATION_CONDITIONS = DEBUG;
				SWIFT_OPTIMIZATION_LEVEL = "-Onone";
			};
			name = Debug;
		};
		1B94E08129C09B1F00A03FF4 /* Release */ = {
			isa = XCBuildConfiguration;
			buildSettings = {
				ALWAYS_SEARCH_USER_PATHS = NO;
				CLANG_ANALYZER_NONNULL = YES;
				CLANG_ANALYZER_NUMBER_OBJECT_CONVERSION = YES_AGGRESSIVE;
				CLANG_CXX_LANGUAGE_STANDARD = "gnu++20";
				CLANG_ENABLE_MODULES = YES;
				CLANG_ENABLE_OBJC_ARC = YES;
				CLANG_ENABLE_OBJC_WEAK = YES;
				CLANG_WARN_BLOCK_CAPTURE_AUTORELEASING = YES;
				CLANG_WARN_BOOL_CONVERSION = YES;
				CLANG_WARN_COMMA = YES;
				CLANG_WARN_CONSTANT_CONVERSION = YES;
				CLANG_WARN_DEPRECATED_OBJC_IMPLEMENTATIONS = YES;
				CLANG_WARN_DIRECT_OBJC_ISA_USAGE = YES_ERROR;
				CLANG_WARN_DOCUMENTATION_COMMENTS = YES;
				CLANG_WARN_EMPTY_BODY = YES;
				CLANG_WARN_ENUM_CONVERSION = YES;
				CLANG_WARN_INFINITE_RECURSION = YES;
				CLANG_WARN_INT_CONVERSION = YES;
				CLANG_WARN_NON_LITERAL_NULL_CONVERSION = YES;
				CLANG_WARN_OBJC_IMPLICIT_RETAIN_SELF = YES;
				CLANG_WARN_OBJC_LITERAL_CONVERSION = YES;
				CLANG_WARN_OBJC_ROOT_CLASS = YES_ERROR;
				CLANG_WARN_QUOTED_INCLUDE_IN_FRAMEWORK_HEADER = YES;
				CLANG_WARN_RANGE_LOOP_ANALYSIS = YES;
				CLANG_WARN_STRICT_PROTOTYPES = YES;
				CLANG_WARN_SUSPICIOUS_MOVE = YES;
				CLANG_WARN_UNGUARDED_AVAILABILITY = YES_AGGRESSIVE;
				CLANG_WARN_UNREACHABLE_CODE = YES;
				CLANG_WARN__DUPLICATE_METHOD_MATCH = YES;
				COPY_PHASE_STRIP = NO;
				DEBUG_INFORMATION_FORMAT = "dwarf-with-dsym";
				ENABLE_NS_ASSERTIONS = NO;
				ENABLE_STRICT_OBJC_MSGSEND = YES;
				GCC_C_LANGUAGE_STANDARD = gnu11;
				GCC_NO_COMMON_BLOCKS = YES;
				GCC_WARN_64_TO_32_BIT_CONVERSION = YES;
				GCC_WARN_ABOUT_RETURN_TYPE = YES_ERROR;
				GCC_WARN_UNDECLARED_SELECTOR = YES;
				GCC_WARN_UNINITIALIZED_AUTOS = YES_AGGRESSIVE;
				GCC_WARN_UNUSED_FUNCTION = YES;
				GCC_WARN_UNUSED_VARIABLE = YES;
				IPHONEOS_DEPLOYMENT_TARGET = 16.2;
				MTL_ENABLE_DEBUG_INFO = NO;
				MTL_FAST_MATH = YES;
				SDKROOT = iphoneos;
				SWIFT_COMPILATION_MODE = wholemodule;
				SWIFT_OPTIMIZATION_LEVEL = "-O";
				VALIDATE_PRODUCT = YES;
			};
			name = Release;
		};
		1B94E08329C09B1F00A03FF4 /* Debug */ = {
			isa = XCBuildConfiguration;
			buildSettings = {
				ASSETCATALOG_COMPILER_APPICON_NAME = AppIcon;
				ASSETCATALOG_COMPILER_GLOBAL_ACCENT_COLOR_NAME = AccentColor;
				CODE_SIGN_IDENTITY = "Apple Development";
				CODE_SIGN_STYLE = Manual;
				CURRENT_PROJECT_VERSION = 1;
				DEVELOPMENT_TEAM = "";
				GENERATE_INFOPLIST_FILE = YES;
				INFOPLIST_FILE = "meal-voucher-app/Resources/Info.plist";
				INFOPLIST_KEY_CFBundleDisplayName = Swile;
				INFOPLIST_KEY_LSApplicationCategoryType = "public.app-category.finance";
				INFOPLIST_KEY_UIApplicationSupportsIndirectInputEvents = YES;
				INFOPLIST_KEY_UILaunchStoryboardName = LaunchScreen;
				INFOPLIST_KEY_UIMainStoryboardFile = "";
				INFOPLIST_KEY_UISupportedInterfaceOrientations = UIInterfaceOrientationPortrait;
				LD_RUNPATH_SEARCH_PATHS = (
					"$(inherited)",
					"@executable_path/Frameworks",
				);
				MARKETING_VERSION = 1.0;
				PRODUCT_BUNDLE_IDENTIFIER = "com.swile.meal-voucher-app";
				PRODUCT_NAME = "$(TARGET_NAME)";
				PROVISIONING_PROFILE_SPECIFIER = "";
				SUPPORTED_PLATFORMS = "iphoneos iphonesimulator";
				SUPPORTS_MACCATALYST = NO;
				SUPPORTS_MAC_DESIGNED_FOR_IPHONE_IPAD = NO;
				SWIFT_EMIT_LOC_STRINGS = YES;
				SWIFT_VERSION = 5.0;
				TARGETED_DEVICE_FAMILY = 1;
			};
			name = Debug;
		};
		1B94E08429C09B1F00A03FF4 /* Release */ = {
			isa = XCBuildConfiguration;
			buildSettings = {
				ASSETCATALOG_COMPILER_APPICON_NAME = AppIcon;
				ASSETCATALOG_COMPILER_GLOBAL_ACCENT_COLOR_NAME = AccentColor;
				CODE_SIGN_IDENTITY = "Apple Development";
				CODE_SIGN_STYLE = Manual;
				CURRENT_PROJECT_VERSION = 1;
				DEVELOPMENT_TEAM = "";
				GENERATE_INFOPLIST_FILE = YES;
				INFOPLIST_FILE = "meal-voucher-app/Resources/Info.plist";
				INFOPLIST_KEY_CFBundleDisplayName = Swile;
				INFOPLIST_KEY_LSApplicationCategoryType = "public.app-category.finance";
				INFOPLIST_KEY_UIApplicationSupportsIndirectInputEvents = YES;
				INFOPLIST_KEY_UILaunchStoryboardName = LaunchScreen;
				INFOPLIST_KEY_UIMainStoryboardFile = "";
				INFOPLIST_KEY_UISupportedInterfaceOrientations = UIInterfaceOrientationPortrait;
				LD_RUNPATH_SEARCH_PATHS = (
					"$(inherited)",
					"@executable_path/Frameworks",
				);
				MARKETING_VERSION = 1.0;
				PRODUCT_BUNDLE_IDENTIFIER = "com.swile.meal-voucher-app";
				PRODUCT_NAME = "$(TARGET_NAME)";
				PROVISIONING_PROFILE_SPECIFIER = "";
				SUPPORTED_PLATFORMS = "iphoneos iphonesimulator";
				SUPPORTS_MACCATALYST = NO;
				SUPPORTS_MAC_DESIGNED_FOR_IPHONE_IPAD = NO;
				SWIFT_EMIT_LOC_STRINGS = YES;
				SWIFT_VERSION = 5.0;
				TARGETED_DEVICE_FAMILY = 1;
			};
			name = Release;
		};
/* End XCBuildConfiguration section */

/* Begin XCConfigurationList section */
		1B94E06929C09B1E00A03FF4 /* Build configuration list for PBXProject "meal-voucher-app" */ = {
			isa = XCConfigurationList;
			buildConfigurations = (
				1B94E08029C09B1F00A03FF4 /* Debug */,
				1B94E08129C09B1F00A03FF4 /* Release */,
			);
			defaultConfigurationIsVisible = 0;
			defaultConfigurationName = Release;
		};
		1B94E08229C09B1F00A03FF4 /* Build configuration list for PBXNativeTarget "meal-voucher-app" */ = {
			isa = XCConfigurationList;
			buildConfigurations = (
				1B94E08329C09B1F00A03FF4 /* Debug */,
				1B94E08429C09B1F00A03FF4 /* Release */,
			);
			defaultConfigurationIsVisible = 0;
			defaultConfigurationName = Release;
		};
/* End XCConfigurationList section */

/* Begin XCRemoteSwiftPackageReference section */
		1B82BA4629C4C15100116992 /* XCRemoteSwiftPackageReference "Kingfisher" */ = {
			isa = XCRemoteSwiftPackageReference;
			repositoryURL = "https://github.com/onevcat/Kingfisher.git";
			requirement = {
				kind = upToNextMajorVersion;
				minimumVersion = 7.0.0;
			};
		};
/* End XCRemoteSwiftPackageReference section */

/* Begin XCSwiftPackageProductDependency section */
		1B221DFC29C4F2E100DBAA07 /* CommonAssets */ = {
			isa = XCSwiftPackageProductDependency;
			productName = CommonAssets;
		};
		1B82BA4729C4C15100116992 /* Kingfisher */ = {
			isa = XCSwiftPackageProductDependency;
			package = 1B82BA4629C4C15100116992 /* XCRemoteSwiftPackageReference "Kingfisher" */;
			productName = Kingfisher;
		};
		1B82BA4C29C4C72C00116992 /* ImageFetcherInterface */ = {
			isa = XCSwiftPackageProductDependency;
			productName = ImageFetcherInterface;
		};
		1BD8682429C23E440041800B /* MealVoucherDetailInterface */ = {
			isa = XCSwiftPackageProductDependency;
			productName = MealVoucherDetailInterface;
		};
		1BD8682629C23E440041800B /* MealVoucherListInterface */ = {
			isa = XCSwiftPackageProductDependency;
			productName = MealVoucherListInterface;
		};
		1BD8682829C23E440041800B /* NetworkInterface */ = {
			isa = XCSwiftPackageProductDependency;
			productName = NetworkInterface;
		};
		1BD8682A29C23E440041800B /* RouterService */ = {
			isa = XCSwiftPackageProductDependency;
			productName = RouterService;
		};
		1BD8682C29C23E440041800B /* RouterServiceInterface */ = {
			isa = XCSwiftPackageProductDependency;
			productName = RouterServiceInterface;
		};
		1BDBDA8B29C0B3C300D10166 /* Components */ = {
			isa = XCSwiftPackageProductDependency;
			productName = Components;
		};
		1BDBDA8D29C0B3C300D10166 /* MealVoucherList */ = {
			isa = XCSwiftPackageProductDependency;
			productName = MealVoucherList;
		};
		1BDBDA9129C0B5E100D10166 /* MealVoucherDetail */ = {
			isa = XCSwiftPackageProductDependency;
			productName = MealVoucherDetail;
		};
		1BDBDA9329C0B5E500D10166 /* Network */ = {
			isa = XCSwiftPackageProductDependency;
			productName = Network;
		};
/* End XCSwiftPackageProductDependency section */
	};
	rootObject = 1B94E06629C09B1E00A03FF4 /* Project object */;
}
